
Microsoft Visual Studio Solution File, Format Version 12.00
# Visual Studio Version 17
VisualStudioVersion = 17.3.32929.385
MinimumVisualStudioVersion = 10.0.40219.1
Project("{FAE04EC0-301F-11D3-BF4B-00C04F79EFBC}") = "WpfApp2", "WpfApp2.csproj", "{4D9C2F6F-1949-4C99-B678-626C3BA67AB1}"
EndProject
Global
	GlobalSection(SolutionConfigurationPlatforms) = preSolution
		Debug|Any CPU = Debug|Any CPU
		Release|Any CPU = Release|Any CPU
	EndGlobalSection
	GlobalSection(ProjectConfigurationPlatforms) = postSolution
		{4D9C2F6F-1949-4C99-B678-626C3BA67AB1}.Debug|Any CPU.ActiveCfg = Debug|Any CPU
		{4D9C2F6F-1949-4C99-B678-626C3BA67AB1}.Debug|Any CPU.Build.0 = Debug|Any CPU
		{4D9C2F6F-1949-4C99-B678-626C3BA67AB1}.Release|Any CPU.ActiveCfg = Release|Any CPU
		{4D9C2F6F-1949-4C99-B678-626C3BA67AB1}.Release|Any CPU.Build.0 = Release|Any CPU
	EndGlobalSection
	GlobalSection(SolutionProperties) = preSolution
		HideSolutionNode = FALSE
	EndGlobalSection
	GlobalSection(ExtensibilityGlobals) = postSolution
		SolutionGuid = {1D505EC5-3C82-41A2-9D6E-B959CA02296F}
	EndGlobalSection
EndGlobal
